// !$*UTF8*$!
{
	archiveVersion = 1;
	classes = {
	};
	objectVersion = 55;
	objects = {

/* Begin PBXBuildFile section */
		B57216042814D5BC002689A4 /* AppDelegate.swift in Sources */ = {isa = PBXBuildFile; fileRef = B57216032814D5BC002689A4 /* AppDelegate.swift */; };
		B57216062814D5BC002689A4 /* SceneDelegate.swift in Sources */ = {isa = PBXBuildFile; fileRef = B57216052814D5BC002689A4 /* SceneDelegate.swift */; };
		B572160D2814D5BE002689A4 /* Assets.xcassets in Resources */ = {isa = PBXBuildFile; fileRef = B572160C2814D5BE002689A4 /* Assets.xcassets */; };
		B57216102814D5BE002689A4 /* LaunchScreen.storyboard in Resources */ = {isa = PBXBuildFile; fileRef = B572160E2814D5BE002689A4 /* LaunchScreen.storyboard */; };
		B57216342814D7ED002689A4 /* QuestionViewControllerTest.swift in Sources */ = {isa = PBXBuildFile; fileRef = B57216332814D7ED002689A4 /* QuestionViewControllerTest.swift */; };
		B57216362814D906002689A4 /* QuestionViewController.swift in Sources */ = {isa = PBXBuildFile; fileRef = B57216352814D906002689A4 /* QuestionViewController.swift */; };
		B5DFBFA42814DF5100094354 /* QuizAppUITestsLaunchTests.swift in Sources */ = {isa = PBXBuildFile; fileRef = B5DFBFA22814DF5100094354 /* QuizAppUITestsLaunchTests.swift */; };
		B5DFBFA52814DF5100094354 /* QuizAppUITests.swift in Sources */ = {isa = PBXBuildFile; fileRef = B5DFBFA32814DF5100094354 /* QuizAppUITests.swift */; };
/* End PBXBuildFile section */

/* Begin PBXContainerItemProxy section */
		B57216172814D5BE002689A4 /* PBXContainerItemProxy */ = {
			isa = PBXContainerItemProxy;
			containerPortal = B57215F82814D5BC002689A4 /* Project object */;
			proxyType = 1;
			remoteGlobalIDString = B57215FF2814D5BC002689A4;
			remoteInfo = QuizApp;
		};
		B57216212814D5BE002689A4 /* PBXContainerItemProxy */ = {
			isa = PBXContainerItemProxy;
			containerPortal = B57215F82814D5BC002689A4 /* Project object */;
			proxyType = 1;
			remoteGlobalIDString = B57215FF2814D5BC002689A4;
			remoteInfo = QuizApp;
		};
/* End PBXContainerItemProxy section */

/* Begin PBXFileReference section */
		B57216002814D5BC002689A4 /* QuizApp.app */ = {isa = PBXFileReference; explicitFileType = wrapper.application; includeInIndex = 0; path = QuizApp.app; sourceTree = BUILT_PRODUCTS_DIR; };
		B57216032814D5BC002689A4 /* AppDelegate.swift */ = {isa = PBXFileReference; lastKnownFileType = sourcecode.swift; path = AppDelegate.swift; sourceTree = "<group>"; };
		B57216052814D5BC002689A4 /* SceneDelegate.swift */ = {isa = PBXFileReference; lastKnownFileType = sourcecode.swift; path = SceneDelegate.swift; sourceTree = "<group>"; };
		B572160C2814D5BE002689A4 /* Assets.xcassets */ = {isa = PBXFileReference; lastKnownFileType = folder.assetcatalog; path = Assets.xcassets; sourceTree = "<group>"; };
		B572160F2814D5BE002689A4 /* Base */ = {isa = PBXFileReference; lastKnownFileType = file.storyboard; name = Base; path = Base.lproj/LaunchScreen.storyboard; sourceTree = "<group>"; };
		B57216112814D5BE002689A4 /* Info.plist */ = {isa = PBXFileReference; lastKnownFileType = text.plist.xml; path = Info.plist; sourceTree = "<group>"; };
		B57216162814D5BE002689A4 /* QuizAppTests.xctest */ = {isa = PBXFileReference; explicitFileType = wrapper.cfbundle; includeInIndex = 0; path = QuizAppTests.xctest; sourceTree = BUILT_PRODUCTS_DIR; };
		B57216202814D5BE002689A4 /* QuizAppUITests.xctest */ = {isa = PBXFileReference; explicitFileType = wrapper.cfbundle; includeInIndex = 0; path = QuizAppUITests.xctest; sourceTree = BUILT_PRODUCTS_DIR; };
		B57216332814D7ED002689A4 /* QuestionViewControllerTest.swift */ = {isa = PBXFileReference; lastKnownFileType = sourcecode.swift; path = QuestionViewControllerTest.swift; sourceTree = "<group>"; };
		B57216352814D906002689A4 /* QuestionViewController.swift */ = {isa = PBXFileReference; lastKnownFileType = sourcecode.swift; path = QuestionViewController.swift; sourceTree = "<group>"; };
		B5DFBFA22814DF5100094354 /* QuizAppUITestsLaunchTests.swift */ = {isa = PBXFileReference; fileEncoding = 4; lastKnownFileType = sourcecode.swift; path = QuizAppUITestsLaunchTests.swift; sourceTree = "<group>"; };
		B5DFBFA32814DF5100094354 /* QuizAppUITests.swift */ = {isa = PBXFileReference; fileEncoding = 4; lastKnownFileType = sourcecode.swift; path = QuizAppUITests.swift; sourceTree = "<group>"; };
/* End PBXFileReference section */

/* Begin PBXFrameworksBuildPhase section */
		B57215FD2814D5BC002689A4 /* Frameworks */ = {
			isa = PBXFrameworksBuildPhase;
			buildActionMask = 2147483647;
			files = (
			);
			runOnlyForDeploymentPostprocessing = 0;
		};
		B57216132814D5BE002689A4 /* Frameworks */ = {
			isa = PBXFrameworksBuildPhase;
			buildActionMask = 2147483647;
			files = (
			);
			runOnlyForDeploymentPostprocessing = 0;
		};
		B572161D2814D5BE002689A4 /* Frameworks */ = {
			isa = PBXFrameworksBuildPhase;
			buildActionMask = 2147483647;
			files = (
			);
			runOnlyForDeploymentPostprocessing = 0;
		};
/* End PBXFrameworksBuildPhase section */

/* Begin PBXGroup section */
		B57215F72814D5BC002689A4 = {
			isa = PBXGroup;
			children = (
				B57216022814D5BC002689A4 /* QuizApp */,
				B57216192814D5BE002689A4 /* QuizAppTests */,
				B57216232814D5BE002689A4 /* QuizAppUITests */,
				B57216012814D5BC002689A4 /* Products */,
			);
			sourceTree = "<group>";
		};
		B57216012814D5BC002689A4 /* Products */ = {
			isa = PBXGroup;
			children = (
				B57216002814D5BC002689A4 /* QuizApp.app */,
				B57216162814D5BE002689A4 /* QuizAppTests.xctest */,
				B57216202814D5BE002689A4 /* QuizAppUITests.xctest */,
			);
			name = Products;
			sourceTree = "<group>";
		};
		B57216022814D5BC002689A4 /* QuizApp */ = {
			isa = PBXGroup;
			children = (
				B57216032814D5BC002689A4 /* AppDelegate.swift */,
				B57216052814D5BC002689A4 /* SceneDelegate.swift */,
				B572160C2814D5BE002689A4 /* Assets.xcassets */,
				B572160E2814D5BE002689A4 /* LaunchScreen.storyboard */,
				B57216112814D5BE002689A4 /* Info.plist */,
				B57216352814D906002689A4 /* QuestionViewController.swift */,
			);
			path = QuizApp;
			sourceTree = "<group>";
		};
		B57216192814D5BE002689A4 /* QuizAppTests */ = {
			isa = PBXGroup;
			children = (
				B57216332814D7ED002689A4 /* QuestionViewControllerTest.swift */,
			);
			path = QuizAppTests;
			sourceTree = "<group>";
		};
		B57216232814D5BE002689A4 /* QuizAppUITests */ = {
			isa = PBXGroup;
			children = (
				B5DFBFA32814DF5100094354 /* QuizAppUITests.swift */,
				B5DFBFA22814DF5100094354 /* QuizAppUITestsLaunchTests.swift */,
			);
			path = QuizAppUITests;
			sourceTree = "<group>";
		};
/* End PBXGroup section */

/* Begin PBXNativeTarget section */
		B57215FF2814D5BC002689A4 /* QuizApp */ = {
			isa = PBXNativeTarget;
			buildConfigurationList = B572162A2814D5BE002689A4 /* Build configuration list for PBXNativeTarget "QuizApp" */;
			buildPhases = (
				B57215FC2814D5BC002689A4 /* Sources */,
				B57215FD2814D5BC002689A4 /* Frameworks */,
				B57215FE2814D5BC002689A4 /* Resources */,
			);
			buildRules = (
			);
			dependencies = (
			);
			name = QuizApp;
			productName = QuizApp;
			productReference = B57216002814D5BC002689A4 /* QuizApp.app */;
			productType = "com.apple.product-type.application";
		};
		B57216152814D5BE002689A4 /* QuizAppTests */ = {
			isa = PBXNativeTarget;
			buildConfigurationList = B572162D2814D5BE002689A4 /* Build configuration list for PBXNativeTarget "QuizAppTests" */;
			buildPhases = (
				B57216122814D5BE002689A4 /* Sources */,
				B57216132814D5BE002689A4 /* Frameworks */,
				B57216142814D5BE002689A4 /* Resources */,
			);
			buildRules = (
			);
			dependencies = (
				B57216182814D5BE002689A4 /* PBXTargetDependency */,
			);
			name = QuizAppTests;
			productName = QuizAppTests;
			productReference = B57216162814D5BE002689A4 /* QuizAppTests.xctest */;
			productType = "com.apple.product-type.bundle.unit-test";
		};
		B572161F2814D5BE002689A4 /* QuizAppUITests */ = {
			isa = PBXNativeTarget;
			buildConfigurationList = B57216302814D5BE002689A4 /* Build configuration list for PBXNativeTarget "QuizAppUITests" */;
			buildPhases = (
				B572161C2814D5BE002689A4 /* Sources */,
				B572161D2814D5BE002689A4 /* Frameworks */,
				B572161E2814D5BE002689A4 /* Resources */,
			);
			buildRules = (
			);
			dependencies = (
				B57216222814D5BE002689A4 /* PBXTargetDependency */,
			);
			name = QuizAppUITests;
			productName = QuizAppUITests;
			productReference = B57216202814D5BE002689A4 /* QuizAppUITests.xctest */;
			productType = "com.apple.product-type.bundle.ui-testing";
		};
/* End PBXNativeTarget section */

/* Begin PBXProject section */
		B57215F82814D5BC002689A4 /* Project object */ = {
			isa = PBXProject;
			attributes = {
				BuildIndependentTargetsInParallel = 1;
				LastSwiftUpdateCheck = 1330;
				LastUpgradeCheck = 1330;
				TargetAttributes = {
					B57215FF2814D5BC002689A4 = {
						CreatedOnToolsVersion = 13.3.1;
					};
					B57216152814D5BE002689A4 = {
						CreatedOnToolsVersion = 13.3.1;
						LastSwiftMigration = 1330;
						TestTargetID = B57215FF2814D5BC002689A4;
					};
					B572161F2814D5BE002689A4 = {
						CreatedOnToolsVersion = 13.3.1;
						LastSwiftMigration = 1330;
						TestTargetID = B57215FF2814D5BC002689A4;
					};
				};
			};
			buildConfigurationList = B57215FB2814D5BC002689A4 /* Build configuration list for PBXProject "QuizApp" */;
			compatibilityVersion = "Xcode 13.0";
			developmentRegion = en;
			hasScannedForEncodings = 0;
			knownRegions = (
				en,
				Base,
			);
			mainGroup = B57215F72814D5BC002689A4;
			productRefGroup = B57216012814D5BC002689A4 /* Products */;
			projectDirPath = "";
			projectRoot = "";
			targets = (
				B57215FF2814D5BC002689A4 /* QuizApp */,
				B57216152814D5BE002689A4 /* QuizAppTests */,
				B572161F2814D5BE002689A4 /* QuizAppUITests */,
			);
		};
/* End PBXProject section */

/* Begin PBXResourcesBuildPhase section */
		B57215FE2814D5BC002689A4 /* Resources */ = {
			isa = PBXResourcesBuildPhase;
			buildActionMask = 2147483647;
			files = (
				B57216102814D5BE002689A4 /* LaunchScreen.storyboard in Resources */,
				B572160D2814D5BE002689A4 /* Assets.xcassets in Resources */,
			);
			runOnlyForDeploymentPostprocessing = 0;
		};
		B57216142814D5BE002689A4 /* Resources */ = {
			isa = PBXResourcesBuildPhase;
			buildActionMask = 2147483647;
			files = (
			);
			runOnlyForDeploymentPostprocessing = 0;
		};
		B572161E2814D5BE002689A4 /* Resources */ = {
			isa = PBXResourcesBuildPhase;
			buildActionMask = 2147483647;
			files = (
			);
			runOnlyForDeploymentPostprocessing = 0;
		};
/* End PBXResourcesBuildPhase section */

/* Begin PBXSourcesBuildPhase section */
		B57215FC2814D5BC002689A4 /* Sources */ = {
			isa = PBXSourcesBuildPhase;
			buildActionMask = 2147483647;
			files = (
				B57216042814D5BC002689A4 /* AppDelegate.swift in Sources */,
				B57216062814D5BC002689A4 /* SceneDelegate.swift in Sources */,
				B57216362814D906002689A4 /* QuestionViewController.swift in Sources */,
			);
			runOnlyForDeploymentPostprocessing = 0;
		};
		B57216122814D5BE002689A4 /* Sources */ = {
			isa = PBXSourcesBuildPhase;
			buildActionMask = 2147483647;
			files = (
				B57216342814D7ED002689A4 /* QuestionViewControllerTest.swift in Sources */,
			);
			runOnlyForDeploymentPostprocessing = 0;
		};
		B572161C2814D5BE002689A4 /* Sources */ = {
			isa = PBXSourcesBuildPhase;
			buildActionMask = 2147483647;
			files = (
				B5DFBFA52814DF5100094354 /* QuizAppUITests.swift in Sources */,
				B5DFBFA42814DF5100094354 /* QuizAppUITestsLaunchTests.swift in Sources */,
			);
			runOnlyForDeploymentPostprocessing = 0;
		};
/* End PBXSourcesBuildPhase section */

/* Begin PBXTargetDependency section */
		B57216182814D5BE002689A4 /* PBXTargetDependency */ = {
			isa = PBXTargetDependency;
			target = B57215FF2814D5BC002689A4 /* QuizApp */;
			targetProxy = B57216172814D5BE002689A4 /* PBXContainerItemProxy */;
		};
		B57216222814D5BE002689A4 /* PBXTargetDependency */ = {
			isa = PBXTargetDependency;
			target = B57215FF2814D5BC002689A4 /* QuizApp */;
			targetProxy = B57216212814D5BE002689A4 /* PBXContainerItemProxy */;
		};
/* End PBXTargetDependency section */

/* Begin PBXVariantGroup section */
		B572160E2814D5BE002689A4 /* LaunchScreen.storyboard */ = {
			isa = PBXVariantGroup;
			children = (
				B572160F2814D5BE002689A4 /* Base */,
			);
			name = LaunchScreen.storyboard;
			sourceTree = "<group>";
		};
/* End PBXVariantGroup section */

/* Begin XCBuildConfiguration section */
		B57216282814D5BE002689A4 /* Debug */ = {
			isa = XCBuildConfiguration;
			buildSettings = {
				ALWAYS_SEARCH_USER_PATHS = NO;
				CLANG_ANALYZER_NONNULL = YES;
				CLANG_ANALYZER_NUMBER_OBJECT_CONVERSION = YES_AGGRESSIVE;
				CLANG_CXX_LANGUAGE_STANDARD = "gnu++17";
				CLANG_ENABLE_MODULES = YES;
				CLANG_ENABLE_OBJC_ARC = YES;
				CLANG_ENABLE_OBJC_WEAK = YES;
				CLANG_WARN_BLOCK_CAPTURE_AUTORELEASING = YES;
				CLANG_WARN_BOOL_CONVERSION = YES;
				CLANG_WARN_COMMA = YES;
				CLANG_WARN_CONSTANT_CONVERSION = YES;
				CLANG_WARN_DEPRECATED_OBJC_IMPLEMENTATIONS = YES;
				CLANG_WARN_DIRECT_OBJC_ISA_USAGE = YES_ERROR;
				CLANG_WARN_DOCUMENTATION_COMMENTS = YES;
				CLANG_WARN_EMPTY_BODY = YES;
				CLANG_WARN_ENUM_CONVERSION = YES;
				CLANG_WARN_INFINITE_RECURSION = YES;
				CLANG_WARN_INT_CONVERSION = YES;
				CLANG_WARN_NON_LITERAL_NULL_CONVERSION = YES;
				CLANG_WARN_OBJC_IMPLICIT_RETAIN_SELF = YES;
				CLANG_WARN_OBJC_LITERAL_CONVERSION = YES;
				CLANG_WARN_OBJC_ROOT_CLASS = YES_ERROR;
				CLANG_WARN_QUOTED_INCLUDE_IN_FRAMEWORK_HEADER = YES;
				CLANG_WARN_RANGE_LOOP_ANALYSIS = YES;
				CLANG_WARN_STRICT_PROTOTYPES = YES;
				CLANG_WARN_SUSPICIOUS_MOVE = YES;
				CLANG_WARN_UNGUARDED_AVAILABILITY = YES_AGGRESSIVE;
				CLANG_WARN_UNREACHABLE_CODE = YES;
				CLANG_WARN__DUPLICATE_METHOD_MATCH = YES;
				COPY_PHASE_STRIP = NO;
				DEBUG_INFORMATION_FORMAT = dwarf;
				ENABLE_STRICT_OBJC_MSGSEND = YES;
				ENABLE_TESTABILITY = YES;
				GCC_C_LANGUAGE_STANDARD = gnu11;
				GCC_DYNAMIC_NO_PIC = NO;
				GCC_NO_COMMON_BLOCKS = YES;
				GCC_OPTIMIZATION_LEVEL = 0;
				GCC_PREPROCESSOR_DEFINITIONS = (
					"DEBUG=1",
					"$(inherited)",
				);
				GCC_WARN_64_TO_32_BIT_CONVERSION = YES;
				GCC_WARN_ABOUT_RETURN_TYPE = YES_ERROR;
				GCC_WARN_UNDECLARED_SELECTOR = YES;
				GCC_WARN_UNINITIALIZED_AUTOS = YES_AGGRESSIVE;
				GCC_WARN_UNUSED_FUNCTION = YES;
				GCC_WARN_UNUSED_VARIABLE = YES;
				IPHONEOS_DEPLOYMENT_TARGET = 15.4;
				MTL_ENABLE_DEBUG_INFO = INCLUDE_SOURCE;
				MTL_FAST_MATH = YES;
				ONLY_ACTIVE_ARCH = YES;
				SDKROOT = iphoneos;
				SWIFT_ACTIVE_COMPILATION_CONDITIONS = DEBUG;
				SWIFT_OPTIMIZATION_LEVEL = "-Onone";
			};
			name = Debug;
		};
		B57216292814D5BE002689A4 /* Release */ = {
			isa = XCBuildConfiguration;
			buildSettings = {
				ALWAYS_SEARCH_USER_PATHS = NO;
				CLANG_ANALYZER_NONNULL = YES;
				CLANG_ANALYZER_NUMBER_OBJECT_CONVERSION = YES_AGGRESSIVE;
				CLANG_CXX_LANGUAGE_STANDARD = "gnu++17";
				CLANG_ENABLE_MODULES = YES;
				CLANG_ENABLE_OBJC_ARC = YES;
				CLANG_ENABLE_OBJC_WEAK = YES;
				CLANG_WARN_BLOCK_CAPTURE_AUTORELEASING = YES;
				CLANG_WARN_BOOL_CONVERSION = YES;
				CLANG_WARN_COMMA = YES;
				CLANG_WARN_CONSTANT_CONVERSION = YES;
				CLANG_WARN_DEPRECATED_OBJC_IMPLEMENTATIONS = YES;
				CLANG_WARN_DIRECT_OBJC_ISA_USAGE = YES_ERROR;
				CLANG_WARN_DOCUMENTATION_COMMENTS = YES;
				CLANG_WARN_EMPTY_BODY = YES;
				CLANG_WARN_ENUM_CONVERSION = YES;
				CLANG_WARN_INFINITE_RECURSION = YES;
				CLANG_WARN_INT_CONVERSION = YES;
				CLANG_WARN_NON_LITERAL_NULL_CONVERSION = YES;
				CLANG_WARN_OBJC_IMPLICIT_RETAIN_SELF = YES;
				CLANG_WARN_OBJC_LITERAL_CONVERSION = YES;
				CLANG_WARN_OBJC_ROOT_CLASS = YES_ERROR;
				CLANG_WARN_QUOTED_INCLUDE_IN_FRAMEWORK_HEADER = YES;
				CLANG_WARN_RANGE_LOOP_ANALYSIS = YES;
				CLANG_WARN_STRICT_PROTOTYPES = YES;
				CLANG_WARN_SUSPICIOUS_MOVE = YES;
				CLANG_WARN_UNGUARDED_AVAILABILITY = YES_AGGRESSIVE;
				CLANG_WARN_UNREACHABLE_CODE = YES;
				CLANG_WARN__DUPLICATE_METHOD_MATCH = YES;
				COPY_PHASE_STRIP = NO;
				DEBUG_INFORMATION_FORMAT = "dwarf-with-dsym";
				ENABLE_NS_ASSERTIONS = NO;
				ENABLE_STRICT_OBJC_MSGSEND = YES;
				GCC_C_LANGUAGE_STANDARD = gnu11;
				GCC_NO_COMMON_BLOCKS = YES;
				GCC_WARN_64_TO_32_BIT_CONVERSION = YES;
				GCC_WARN_ABOUT_RETURN_TYPE = YES_ERROR;
				GCC_WARN_UNDECLARED_SELECTOR = YES;
				GCC_WARN_UNINITIALIZED_AUTOS = YES_AGGRESSIVE;
				GCC_WARN_UNUSED_FUNCTION = YES;
				GCC_WARN_UNUSED_VARIABLE = YES;
				IPHONEOS_DEPLOYMENT_TARGET = 15.4;
				MTL_ENABLE_DEBUG_INFO = NO;
				MTL_FAST_MATH = YES;
				SDKROOT = iphoneos;
				SWIFT_COMPILATION_MODE = wholemodule;
				SWIFT_OPTIMIZATION_LEVEL = "-O";
				VALIDATE_PRODUCT = YES;
			};
			name = Release;
		};
		B572162B2814D5BE002689A4 /* Debug */ = {
			isa = XCBuildConfiguration;
			buildSettings = {
				ASSETCATALOG_COMPILER_APPICON_NAME = AppIcon;
				ASSETCATALOG_COMPILER_GLOBAL_ACCENT_COLOR_NAME = AccentColor;
				CODE_SIGN_STYLE = Automatic;
				CURRENT_PROJECT_VERSION = 1;
				DEVELOPMENT_TEAM = 86SYWTB5Q2;
				GENERATE_INFOPLIST_FILE = YES;
				INFOPLIST_FILE = QuizApp/Info.plist;
				INFOPLIST_KEY_UIApplicationSupportsIndirectInputEvents = YES;
				INFOPLIST_KEY_UILaunchStoryboardName = LaunchScreen;
				INFOPLIST_KEY_UISupportedInterfaceOrientations_iPad = "UIInterfaceOrientationPortrait UIInterfaceOrientationPortraitUpsideDown UIInterfaceOrientationLandscapeLeft UIInterfaceOrientationLandscapeRight";
				INFOPLIST_KEY_UISupportedInterfaceOrientations_iPhone = "UIInterfaceOrientationPortrait UIInterfaceOrientationLandscapeLeft UIInterfaceOrientationLandscapeRight";
				LD_RUNPATH_SEARCH_PATHS = (
					"$(inherited)",
					"@executable_path/Frameworks",
				);
				MARKETING_VERSION = 1.0;
				PRODUCT_BUNDLE_IDENTIFIER = com.intarupt.QuizApp;
				PRODUCT_NAME = "$(TARGET_NAME)";
				SWIFT_EMIT_LOC_STRINGS = YES;
				SWIFT_VERSION = 5.0;
				TARGETED_DEVICE_FAMILY = "1,2";
			};
			name = Debug;
		};
		B572162C2814D5BE002689A4 /* Release */ = {
			isa = XCBuildConfiguration;
			buildSettings = {
				ASSETCATALOG_COMPILER_APPICON_NAME = AppIcon;
				ASSETCATALOG_COMPILER_GLOBAL_ACCENT_COLOR_NAME = AccentColor;
				CODE_SIGN_STYLE = Automatic;
				CURRENT_PROJECT_VERSION = 1;
				DEVELOPMENT_TEAM = 86SYWTB5Q2;
				GENERATE_INFOPLIST_FILE = YES;
				INFOPLIST_FILE = QuizApp/Info.plist;
				INFOPLIST_KEY_UIApplicationSupportsIndirectInputEvents = YES;
				INFOPLIST_KEY_UILaunchStoryboardName = LaunchScreen;
				INFOPLIST_KEY_UISupportedInterfaceOrientations_iPad = "UIInterfaceOrientationPortrait UIInterfaceOrientationPortraitUpsideDown UIInterfaceOrientationLandscapeLeft UIInterfaceOrientationLandscapeRight";
				INFOPLIST_KEY_UISupportedInterfaceOrientations_iPhone = "UIInterfaceOrientationPortrait UIInterfaceOrientationLandscapeLeft UIInterfaceOrientationLandscapeRight";
				LD_RUNPATH_SEARCH_PATHS = (
					"$(inherited)",
					"@executable_path/Frameworks",
				);
				MARKETING_VERSION = 1.0;
				PRODUCT_BUNDLE_IDENTIFIER = com.intarupt.QuizApp;
				PRODUCT_NAME = "$(TARGET_NAME)";
				SWIFT_EMIT_LOC_STRINGS = YES;
				SWIFT_VERSION = 5.0;
				TARGETED_DEVICE_FAMILY = "1,2";
			};
			name = Release;
		};
		B572162E2814D5BE002689A4 /* Debug */ = {
			isa = XCBuildConfiguration;
			buildSettings = {
				ALWAYS_EMBED_SWIFT_STANDARD_LIBRARIES = YES;
				BUNDLE_LOADER = "$(TEST_HOST)";
				CLANG_ENABLE_MODULES = YES;
				CODE_SIGN_STYLE = Automatic;
				CURRENT_PROJECT_VERSION = 1;
				DEVELOPMENT_TEAM = 86SYWTB5Q2;
				GENERATE_INFOPLIST_FILE = YES;
				IPHONEOS_DEPLOYMENT_TARGET = 15.4;
				LD_RUNPATH_SEARCH_PATHS = (
					"$(inherited)",
					"@executable_path/Frameworks",
					"@loader_path/Frameworks",
				);
				MARKETING_VERSION = 1.0;
				PRODUCT_BUNDLE_IDENTIFIER = com.intarupt.QuizAppTests;
				PRODUCT_NAME = "$(TARGET_NAME)";
				SWIFT_EMIT_LOC_STRINGS = NO;
				SWIFT_OPTIMIZATION_LEVEL = "-Onone";
				SWIFT_VERSION = 5.0;
				TARGETED_DEVICE_FAMILY = "1,2";
				TEST_HOST = "$(BUILT_PRODUCTS_DIR)/QuizApp.app/QuizApp";
			};
			name = Debug;
		};
		B572162F2814D5BE002689A4 /* Release */ = {
			isa = XCBuildConfiguration;
			buildSettings = {
				ALWAYS_EMBED_SWIFT_STANDARD_LIBRARIES = YES;
				BUNDLE_LOADER = "$(TEST_HOST)";
				CLANG_ENABLE_MODULES = YES;
				CODE_SIGN_STYLE = Automatic;
				CURRENT_PROJECT_VERSION = 1;
				DEVELOPMENT_TEAM = 86SYWTB5Q2;
				GENERATE_INFOPLIST_FILE = YES;
				IPHONEOS_DEPLOYMENT_TARGET = 15.4;
				LD_RUNPATH_SEARCH_PATHS = (
					"$(inherited)",
					"@executable_path/Frameworks",
					"@loader_path/Frameworks",
				);
				MARKETING_VERSION = 1.0;
				PRODUCT_BUNDLE_IDENTIFIER = com.intarupt.QuizAppTests;
				PRODUCT_NAME = "$(TARGET_NAME)";
				SWIFT_EMIT_LOC_STRINGS = NO;
				SWIFT_VERSION = 5.0;
				TARGETED_DEVICE_FAMILY = "1,2";
				TEST_HOST = "$(BUILT_PRODUCTS_DIR)/QuizApp.app/QuizApp";
			};
			name = Release;
		};
		B57216312814D5BE002689A4 /* Debug */ = {
			isa = XCBuildConfiguration;
			buildSettings = {
				ALWAYS_EMBED_SWIFT_STANDARD_LIBRARIES = YES;
				CLANG_ENABLE_MODULES = YES;
				CODE_SIGN_STYLE = Automatic;
				CURRENT_PROJECT_VERSION = 1;
				DEVELOPMENT_TEAM = 86SYWTB5Q2;
				GENERATE_INFOPLIST_FILE = YES;
				LD_RUNPATH_SEARCH_PATHS = (
					"$(inherited)",
					"@executable_path/Frameworks",
					"@loader_path/Frameworks",
				);
				MARKETING_VERSION = 1.0;
				PRODUCT_BUNDLE_IDENTIFIER = com.intarupt.QuizAppUITests;
				PRODUCT_NAME = "$(TARGET_NAME)";
				SWIFT_EMIT_LOC_STRINGS = NO;
				SWIFT_OPTIMIZATION_LEVEL = "-Onone";
				SWIFT_VERSION = 5.0;
				TARGETED_DEVICE_FAMILY = "1,2";
				TEST_TARGET_NAME = QuizApp;
			};
			name = Debug;
		};
		B57216322814D5BE002689A4 /* Release */ = {
			isa = XCBuildConfiguration;
			buildSettings = {
				ALWAYS_EMBED_SWIFT_STANDARD_LIBRARIES = YES;
				CLANG_ENABLE_MODULES = YES;
				CODE_SIGN_STYLE = Automatic;
				CURRENT_PROJECT_VERSION = 1;
				DEVELOPMENT_TEAM = 86SYWTB5Q2;
				GENERATE_INFOPLIST_FILE = YES;
				LD_RUNPATH_SEARCH_PATHS = (
					"$(inherited)",
					"@executable_path/Frameworks",
					"@loader_path/Frameworks",
				);
				MARKETING_VERSION = 1.0;
				PRODUCT_BUNDLE_IDENTIFIER = com.intarupt.QuizAppUITests;
				PRODUCT_NAME = "$(TARGET_NAME)";
				SWIFT_EMIT_LOC_STRINGS = NO;
				SWIFT_VERSION = 5.0;
				TARGETED_DEVICE_FAMILY = "1,2";
				TEST_TARGET_NAME = QuizApp;
			};
			name = Release;
		};
/* End XCBuildConfiguration section */

/* Begin XCConfigurationList section */
		B57215FB2814D5BC002689A4 /* Build configuration list for PBXProject "QuizApp" */ = {
			isa = XCConfigurationList;
			buildConfigurations = (
				B57216282814D5BE002689A4 /* Debug */,
				B57216292814D5BE002689A4 /* Release */,
			);
			defaultConfigurationIsVisible = 0;
			defaultConfigurationName = Release;
		};
		B572162A2814D5BE002689A4 /* Build configuration list for PBXNativeTarget "QuizApp" */ = {
			isa = XCConfigurationList;
			buildConfigurations = (
				B572162B2814D5BE002689A4 /* Debug */,
				B572162C2814D5BE002689A4 /* Release */,
			);
			defaultConfigurationIsVisible = 0;
			defaultConfigurationName = Release;
		};
		B572162D2814D5BE002689A4 /* Build configuration list for PBXNativeTarget "QuizAppTests" */ = {
			isa = XCConfigurationList;
			buildConfigurations = (
				B572162E2814D5BE002689A4 /* Debug */,
				B572162F2814D5BE002689A4 /* Release */,
			);
			defaultConfigurationIsVisible = 0;
			defaultConfigurationName = Release;
		};
		B57216302814D5BE002689A4 /* Build configuration list for PBXNativeTarget "QuizAppUITests" */ = {
			isa = XCConfigurationList;
			buildConfigurations = (
				B57216312814D5BE002689A4 /* Debug */,
				B57216322814D5BE002689A4 /* Release */,
			);
			defaultConfigurationIsVisible = 0;
			defaultConfigurationName = Release;
		};
/* End XCConfigurationList section */
	};
	rootObject = B57215F82814D5BC002689A4 /* Project object */;
}
